
Microsoft Visual Studio Solution File, Format Version 12.00
Project("{FAE04EC0-301F-11D3-BF4B-00C04F79EFBC}") = "Raylib-ImGui", "Raylib-ImGui.csproj", "{DA2F36DB-3D6A-4FA3-A073-00C4D1E6462A}"
EndProject
Global
	GlobalSection(SolutionConfigurationPlatforms) = preSolution
		Debug|Any CPU = Debug|Any CPU
		Release|Any CPU = Release|Any CPU
	EndGlobalSection
	GlobalSection(ProjectConfigurationPlatforms) = postSolution
		{DA2F36DB-3D6A-4FA3-A073-00C4D1E6462A}.Debug|Any CPU.ActiveCfg = Debug|Any CPU
		{DA2F36DB-3D6A-4FA3-A073-00C4D1E6462A}.Debug|Any CPU.Build.0 = Debug|Any CPU
		{DA2F36DB-3D6A-4FA3-A073-00C4D1E6462A}.Release|Any CPU.ActiveCfg = Release|Any CPU
		{DA2F36DB-3D6A-4FA3-A073-00C4D1E6462A}.Release|Any CPU.Build.0 = Release|Any CPU
	EndGlobalSection
EndGlobal
